
Microsoft Visual Studio Solution File, Format Version 12.00
# Visual Studio Version 16
VisualStudioVersion = 16.0.32002.261
MinimumVisualStudioVersion = 10.0.40219.1
Project("{FAE04EC0-301F-11D3-BF4B-00C04F79EFBC}") = "WebApplication1", "WebApplication1\WebApplication1.csproj", "{DA857FFA-82ED-416D-8763-C3AB713D78B3}"
EndProject
Global
	GlobalSection(SolutionConfigurationPlatforms) = preSolution
		Debug|Any CPU = Debug|Any CPU
		Release|Any CPU = Release|Any CPU
	EndGlobalSection
	GlobalSection(ProjectConfigurationPlatforms) = postSolution
		{DA857FFA-82ED-416D-8763-C3AB713D78B3}.Debug|Any CPU.ActiveCfg = Debug|Any CPU
		{DA857FFA-82ED-416D-8763-C3AB713D78B3}.Debug|Any CPU.Build.0 = Debug|Any CPU
		{DA857FFA-82ED-416D-8763-C3AB713D78B3}.Release|Any CPU.ActiveCfg = Release|Any CPU
		{DA857FFA-82ED-416D-8763-C3AB713D78B3}.Release|Any CPU.Build.0 = Release|Any CPU
	EndGlobalSection
	GlobalSection(SolutionProperties) = preSolution
		HideSolutionNode = FALSE
	EndGlobalSection
	GlobalSection(ExtensibilityGlobals) = postSolution
		SolutionGuid = {AEB489A1-54A8-4379-8DFB-0BA725E64A83}
	EndGlobalSection
EndGlobal
